
Microsoft Visual Studio Solution File, Format Version 12.00
# Visual Studio Version 17
VisualStudioVersion = 17.14.36221.1 d17.14
MinimumVisualStudioVersion = 10.0.40219.1
Project("{FAE04EC0-301F-11D3-BF4B-00C04F79EFBC}") = "PythagorasTheoremCalculator", "PythagorasTheoremCalculator.csproj", "{6281A1FB-9F8B-48FE-8109-84E0359F2EB4}"
EndProject
Global
	GlobalSection(SolutionConfigurationPlatforms) = preSolution
		Debug|Any CPU = Debug|Any CPU
		Release|Any CPU = Release|Any CPU
	EndGlobalSection
	GlobalSection(ProjectConfigurationPlatforms) = postSolution
		{6281A1FB-9F8B-48FE-8109-84E0359F2EB4}.Debug|Any CPU.ActiveCfg = Debug|Any CPU
		{6281A1FB-9F8B-48FE-8109-84E0359F2EB4}.Debug|Any CPU.Build.0 = Debug|Any CPU
		{6281A1FB-9F8B-48FE-8109-84E0359F2EB4}.Release|Any CPU.ActiveCfg = Release|Any CPU
		{6281A1FB-9F8B-48FE-8109-84E0359F2EB4}.Release|Any CPU.Build.0 = Release|Any CPU
	EndGlobalSection
	GlobalSection(SolutionProperties) = preSolution
		HideSolutionNode = FALSE
	EndGlobalSection
	GlobalSection(ExtensibilityGlobals) = postSolution
		SolutionGuid = {2B6B725E-8E02-47F1-BE91-2DD106820173}
	EndGlobalSection
EndGlobal
